
Microsoft Visual Studio Solution File, Format Version 12.00
# Visual Studio Version 16
VisualStudioVersion = 16.0.30907.101
MinimumVisualStudioVersion = 10.0.40219.1
Project("{8BC9CEB8-8B4A-11D0-8D11-00A0C91BC942}") = "NMLT_Final_Backup", "NMLT_Final_Backup\NMLT_Final_Backup.vcxproj", "{D931AE60-2406-4A52-A290-2B6CAEBECC8E}"
EndProject
Global
	GlobalSection(SolutionConfigurationPlatforms) = preSolution
		Debug|x64 = Debug|x64
		Debug|x86 = Debug|x86
		Release|x64 = Release|x64
		Release|x86 = Release|x86
	EndGlobalSection
	GlobalSection(ProjectConfigurationPlatforms) = postSolution
		{D931AE60-2406-4A52-A290-2B6CAEBECC8E}.Debug|x64.ActiveCfg = Debug|x64
		{D931AE60-2406-4A52-A290-2B6CAEBECC8E}.Debug|x64.Build.0 = Debug|x64
		{D931AE60-2406-4A52-A290-2B6CAEBECC8E}.Debug|x86.ActiveCfg = Debug|Win32
		{D931AE60-2406-4A52-A290-2B6CAEBECC8E}.Debug|x86.Build.0 = Debug|Win32
		{D931AE60-2406-4A52-A290-2B6CAEBECC8E}.Release|x64.ActiveCfg = Release|x64
		{D931AE60-2406-4A52-A290-2B6CAEBECC8E}.Release|x64.Build.0 = Release|x64
		{D931AE60-2406-4A52-A290-2B6CAEBECC8E}.Release|x86.ActiveCfg = Release|Win32
		{D931AE60-2406-4A52-A290-2B6CAEBECC8E}.Release|x86.Build.0 = Release|Win32
	EndGlobalSection
	GlobalSection(SolutionProperties) = preSolution
		HideSolutionNode = FALSE
	EndGlobalSection
	GlobalSection(ExtensibilityGlobals) = postSolution
		SolutionGuid = {A5E30E1C-0B6E-488F-94D7-5FC20C30B849}
	EndGlobalSection
EndGlobal
